
Microsoft Visual Studio Solution File, Format Version 12.00
# Visual Studio Version 17
VisualStudioVersion = 17.12.35514.174
MinimumVisualStudioVersion = 10.0.40219.1
Project("{FAE04EC0-301F-11D3-BF4B-00C04F79EFBC}") = "repository", "repository\repository.csproj", "{A427454A-8CD8-4699-876B-36C56D812E83}"
EndProject
Project("{FAE04EC0-301F-11D3-BF4B-00C04F79EFBC}") = "graph", "graph\graph.csproj", "{0DF1E023-EC56-485B-BA55-B6C4344FBE15}"
EndProject
Global
	GlobalSection(SolutionConfigurationPlatforms) = preSolution
		Debug|Any CPU = Debug|Any CPU
		Release|Any CPU = Release|Any CPU
	EndGlobalSection
	GlobalSection(ProjectConfigurationPlatforms) = postSolution
		{A427454A-8CD8-4699-876B-36C56D812E83}.Debug|Any CPU.ActiveCfg = Debug|Any CPU
		{A427454A-8CD8-4699-876B-36C56D812E83}.Debug|Any CPU.Build.0 = Debug|Any CPU
		{A427454A-8CD8-4699-876B-36C56D812E83}.Release|Any CPU.ActiveCfg = Release|Any CPU
		{A427454A-8CD8-4699-876B-36C56D812E83}.Release|Any CPU.Build.0 = Release|Any CPU
		{0DF1E023-EC56-485B-BA55-B6C4344FBE15}.Debug|Any CPU.ActiveCfg = Debug|Any CPU
		{0DF1E023-EC56-485B-BA55-B6C4344FBE15}.Debug|Any CPU.Build.0 = Debug|Any CPU
		{0DF1E023-EC56-485B-BA55-B6C4344FBE15}.Release|Any CPU.ActiveCfg = Release|Any CPU
		{0DF1E023-EC56-485B-BA55-B6C4344FBE15}.Release|Any CPU.Build.0 = Release|Any CPU
	EndGlobalSection
	GlobalSection(SolutionProperties) = preSolution
		HideSolutionNode = FALSE
	EndGlobalSection
EndGlobal
